
Microsoft Visual Studio Solution File, Format Version 12.00
# Visual Studio Version 17
VisualStudioVersion = 17.8.34408.163
MinimumVisualStudioVersion = 10.0.40219.1
Project("{FAE04EC0-301F-11D3-BF4B-00C04F79EFBC}") = "NgonNguCSharp_IndexOutOfRangeException_TryCatch", "NgonNguCSharp_IndexOutOfRangeException_TryCatch\NgonNguCSharp_IndexOutOfRangeException_TryCatch.csproj", "{803AAA54-69B8-4C9D-AC72-BD23CAA6D64A}"
EndProject
Global
	GlobalSection(SolutionConfigurationPlatforms) = preSolution
		Debug|Any CPU = Debug|Any CPU
		Release|Any CPU = Release|Any CPU
	EndGlobalSection
	GlobalSection(ProjectConfigurationPlatforms) = postSolution
		{803AAA54-69B8-4C9D-AC72-BD23CAA6D64A}.Debug|Any CPU.ActiveCfg = Debug|Any CPU
		{803AAA54-69B8-4C9D-AC72-BD23CAA6D64A}.Debug|Any CPU.Build.0 = Debug|Any CPU
		{803AAA54-69B8-4C9D-AC72-BD23CAA6D64A}.Release|Any CPU.ActiveCfg = Release|Any CPU
		{803AAA54-69B8-4C9D-AC72-BD23CAA6D64A}.Release|Any CPU.Build.0 = Release|Any CPU
	EndGlobalSection
	GlobalSection(SolutionProperties) = preSolution
		HideSolutionNode = FALSE
	EndGlobalSection
	GlobalSection(ExtensibilityGlobals) = postSolution
		SolutionGuid = {AE64465B-C38D-4400-A42A-11ED5C0DC7C8}
	EndGlobalSection
EndGlobal
